// !$*UTF8*$!
{
	archiveVersion = 1;
	classes = {
	};
	objectVersion = 46;
	objects = {

/* Begin PBXBuildFile section */
		74C21F241F497F3600AC8195 /* main.swift in Sources */ = {isa = PBXBuildFile; fileRef = 74C21F231F497F3600AC8195 /* main.swift */; };
		74C21F2B1F497FD700AC8195 /* taskOne.swift in Sources */ = {isa = PBXBuildFile; fileRef = 74C21F2A1F497FD700AC8195 /* taskOne.swift */; };
		74C21F2D1F497FEB00AC8195 /* taskTwo.swift in Sources */ = {isa = PBXBuildFile; fileRef = 74C21F2C1F497FEB00AC8195 /* taskTwo.swift */; };
		74C21F2F1F49800500AC8195 /* taskThree.swift in Sources */ = {isa = PBXBuildFile; fileRef = 74C21F2E1F49800500AC8195 /* taskThree.swift */; };
		74C21F321F49805900AC8195 /* taskFive.swift in Sources */ = {isa = PBXBuildFile; fileRef = 74C21F301F49805900AC8195 /* taskFive.swift */; };
		74C21F331F49805900AC8195 /* taskFour.swift in Sources */ = {isa = PBXBuildFile; fileRef = 74C21F311F49805900AC8195 /* taskFour.swift */; };
/* End PBXBuildFile section */

/* Begin PBXCopyFilesBuildPhase section */
		74C21F1E1F497F3600AC8195 /* CopyFiles */ = {
			isa = PBXCopyFilesBuildPhase;
			buildActionMask = 2147483647;
			dstPath = /usr/share/man/man1/;
			dstSubfolderSpec = 0;
			files = (
			);
			runOnlyForDeploymentPostprocessing = 1;
		};
/* End PBXCopyFilesBuildPhase section */

/* Begin PBXFileReference section */
		74C21F201F497F3600AC8195 /* ArraysExercises */ = {isa = PBXFileReference; explicitFileType = "compiled.mach-o.executable"; includeInIndex = 0; path = ArraysExercises; sourceTree = BUILT_PRODUCTS_DIR; };
		74C21F231F497F3600AC8195 /* main.swift */ = {isa = PBXFileReference; lastKnownFileType = sourcecode.swift; path = main.swift; sourceTree = "<group>"; };
		74C21F2A1F497FD700AC8195 /* taskOne.swift */ = {isa = PBXFileReference; fileEncoding = 4; lastKnownFileType = sourcecode.swift; path = taskOne.swift; sourceTree = "<group>"; };
		74C21F2C1F497FEB00AC8195 /* taskTwo.swift */ = {isa = PBXFileReference; fileEncoding = 4; lastKnownFileType = sourcecode.swift; path = taskTwo.swift; sourceTree = "<group>"; };
		74C21F2E1F49800500AC8195 /* taskThree.swift */ = {isa = PBXFileReference; fileEncoding = 4; lastKnownFileType = sourcecode.swift; path = taskThree.swift; sourceTree = "<group>"; };
		74C21F301F49805900AC8195 /* taskFive.swift */ = {isa = PBXFileReference; fileEncoding = 4; lastKnownFileType = sourcecode.swift; path = taskFive.swift; sourceTree = "<group>"; };
		74C21F311F49805900AC8195 /* taskFour.swift */ = {isa = PBXFileReference; fileEncoding = 4; lastKnownFileType = sourcecode.swift; path = taskFour.swift; sourceTree = "<group>"; };
/* End PBXFileReference section */

/* Begin PBXFrameworksBuildPhase section */
		74C21F1D1F497F3600AC8195 /* Frameworks */ = {
			isa = PBXFrameworksBuildPhase;
			buildActionMask = 2147483647;
			files = (
			);
			runOnlyForDeploymentPostprocessing = 0;
		};
/* End PBXFrameworksBuildPhase section */

/* Begin PBXGroup section */
		74C21F171F497F3600AC8195 = {
			isa = PBXGroup;
			children = (
				74C21F221F497F3600AC8195 /* ArraysExercises */,
				74C21F211F497F3600AC8195 /* Products */,
			);
			sourceTree = "<group>";
		};
		74C21F211F497F3600AC8195 /* Products */ = {
			isa = PBXGroup;
			children = (
				74C21F201F497F3600AC8195 /* ArraysExercises */,
			);
			name = Products;
			sourceTree = "<group>";
		};
		74C21F221F497F3600AC8195 /* ArraysExercises */ = {
			isa = PBXGroup;
			children = (
				74C21F231F497F3600AC8195 /* main.swift */,
				74C21F2A1F497FD700AC8195 /* taskOne.swift */,
				74C21F2C1F497FEB00AC8195 /* taskTwo.swift */,
				74C21F2E1F49800500AC8195 /* taskThree.swift */,
				74C21F311F49805900AC8195 /* taskFour.swift */,
				74C21F301F49805900AC8195 /* taskFive.swift */,
			);
			path = ArraysExercises;
			sourceTree = "<group>";
		};
/* End PBXGroup section */

/* Begin PBXNativeTarget section */
		74C21F1F1F497F3600AC8195 /* ArraysExercises */ = {
			isa = PBXNativeTarget;
			buildConfigurationList = 74C21F271F497F3600AC8195 /* Build configuration list for PBXNativeTarget "ArraysExercises" */;
			buildPhases = (
				74C21F1C1F497F3600AC8195 /* Sources */,
				74C21F1D1F497F3600AC8195 /* Frameworks */,
				74C21F1E1F497F3600AC8195 /* CopyFiles */,
			);
			buildRules = (
			);
			dependencies = (
			);
			name = ArraysExercises;
			productName = ArraysExercises;
			productReference = 74C21F201F497F3600AC8195 /* ArraysExercises */;
			productType = "com.apple.product-type.tool";
		};
/* End PBXNativeTarget section */

/* Begin PBXProject section */
		74C21F181F497F3600AC8195 /* Project object */ = {
			isa = PBXProject;
			attributes = {
				LastSwiftUpdateCheck = 0830;
				LastUpgradeCheck = 0830;
				ORGANIZATIONNAME = "Frascella Claudio";
				TargetAttributes = {
					74C21F1F1F497F3600AC8195 = {
						CreatedOnToolsVersion = 8.3.3;
						ProvisioningStyle = Automatic;
					};
				};
			};
			buildConfigurationList = 74C21F1B1F497F3600AC8195 /* Build configuration list for PBXProject "ArraysExercises" */;
			compatibilityVersion = "Xcode 3.2";
			developmentRegion = English;
			hasScannedForEncodings = 0;
			knownRegions = (
				en,
			);
			mainGroup = 74C21F171F497F3600AC8195;
			productRefGroup = 74C21F211F497F3600AC8195 /* Products */;
			projectDirPath = "";
			projectRoot = "";
			targets = (
				74C21F1F1F497F3600AC8195 /* ArraysExercises */,
			);
		};
/* End PBXProject section */

/* Begin PBXSourcesBuildPhase section */
		74C21F1C1F497F3600AC8195 /* Sources */ = {
			isa = PBXSourcesBuildPhase;
			buildActionMask = 2147483647;
			files = (
				74C21F2D1F497FEB00AC8195 /* taskTwo.swift in Sources */,
				74C21F2F1F49800500AC8195 /* taskThree.swift in Sources */,
				74C21F241F497F3600AC8195 /* main.swift in Sources */,
				74C21F2B1F497FD700AC8195 /* taskOne.swift in Sources */,
				74C21F331F49805900AC8195 /* taskFour.swift in Sources */,
				74C21F321F49805900AC8195 /* taskFive.swift in Sources */,
			);
			runOnlyForDeploymentPostprocessing = 0;
		};
/* End PBXSourcesBuildPhase section */

/* Begin XCBuildConfiguration section */
		74C21F251F497F3600AC8195 /* Debug */ = {
			isa = XCBuildConfiguration;
			buildSettings = {
				ALWAYS_SEARCH_USER_PATHS = NO;
				CLANG_ANALYZER_NONNULL = YES;
				CLANG_ANALYZER_NUMBER_OBJECT_CONVERSION = YES_AGGRESSIVE;
				CLANG_CXX_LANGUAGE_STANDARD = "gnu++0x";
				CLANG_CXX_LIBRARY = "libc++";
				CLANG_ENABLE_MODULES = YES;
				CLANG_ENABLE_OBJC_ARC = YES;
				CLANG_WARN_BOOL_CONVERSION = YES;
				CLANG_WARN_CONSTANT_CONVERSION = YES;
				CLANG_WARN_DIRECT_OBJC_ISA_USAGE = YES_ERROR;
				CLANG_WARN_DOCUMENTATION_COMMENTS = YES;
				CLANG_WARN_EMPTY_BODY = YES;
				CLANG_WARN_ENUM_CONVERSION = YES;
				CLANG_WARN_INFINITE_RECURSION = YES;
				CLANG_WARN_INT_CONVERSION = YES;
				CLANG_WARN_OBJC_ROOT_CLASS = YES_ERROR;
				CLANG_WARN_SUSPICIOUS_MOVE = YES;
				CLANG_WARN_UNREACHABLE_CODE = YES;
				CLANG_WARN__DUPLICATE_METHOD_MATCH = YES;
				CODE_SIGN_IDENTITY = "-";
				COPY_PHASE_STRIP = NO;
				DEBUG_INFORMATION_FORMAT = dwarf;
				ENABLE_STRICT_OBJC_MSGSEND = YES;
				ENABLE_TESTABILITY = YES;
				GCC_C_LANGUAGE_STANDARD = gnu99;
				GCC_DYNAMIC_NO_PIC = NO;
				GCC_NO_COMMON_BLOCKS = YES;
				GCC_OPTIMIZATION_LEVEL = 0;
				GCC_PREPROCESSOR_DEFINITIONS = (
					"DEBUG=1",
					"$(inherited)",
				);
				GCC_WARN_64_TO_32_BIT_CONVERSION = YES;
				GCC_WARN_ABOUT_RETURN_TYPE = YES_ERROR;
				GCC_WARN_UNDECLARED_SELECTOR = YES;
				GCC_WARN_UNINITIALIZED_AUTOS = YES_AGGRESSIVE;
				GCC_WARN_UNUSED_FUNCTION = YES;
				GCC_WARN_UNUSED_VARIABLE = YES;
				MACOSX_DEPLOYMENT_TARGET = 10.12;
				MTL_ENABLE_DEBUG_INFO = YES;
				ONLY_ACTIVE_ARCH = YES;
				SDKROOT = macosx;
				SWIFT_OPTIMIZATION_LEVEL = "-Onone";
			};
			name = Debug;
		};
		74C21F261F497F3600AC8195 /* Release */ = {
			isa = XCBuildConfiguration;
			buildSettings = {
				ALWAYS_SEARCH_USER_PATHS = NO;
				CLANG_ANALYZER_NONNULL = YES;
				CLANG_ANALYZER_NUMBER_OBJECT_CONVERSION = YES_AGGRESSIVE;
				CLANG_CXX_LANGUAGE_STANDARD = "gnu++0x";
				CLANG_CXX_LIBRARY = "libc++";
				CLANG_ENABLE_MODULES = YES;
				CLANG_ENABLE_OBJC_ARC = YES;
				CLANG_WARN_BOOL_CONVERSION = YES;
				CLANG_WARN_CONSTANT_CONVERSION = YES;
				CLANG_WARN_DIRECT_OBJC_ISA_USAGE = YES_ERROR;
				CLANG_WARN_DOCUMENTATION_COMMENTS = YES;
				CLANG_WARN_EMPTY_BODY = YES;
				CLANG_WARN_ENUM_CONVERSION = YES;
				CLANG_WARN_INFINITE_RECURSION = YES;
				CLANG_WARN_INT_CONVERSION = YES;
				CLANG_WARN_OBJC_ROOT_CLASS = YES_ERROR;
				CLANG_WARN_SUSPICIOUS_MOVE = YES;
				CLANG_WARN_UNREACHABLE_CODE = YES;
				CLANG_WARN__DUPLICATE_METHOD_MATCH = YES;
				CODE_SIGN_IDENTITY = "-";
				COPY_PHASE_STRIP = NO;
				DEBUG_INFORMATION_FORMAT = "dwarf-with-dsym";
				ENABLE_NS_ASSERTIONS = NO;
				ENABLE_STRICT_OBJC_MSGSEND = YES;
				GCC_C_LANGUAGE_STANDARD = gnu99;
				GCC_NO_COMMON_BLOCKS = YES;
				GCC_WARN_64_TO_32_BIT_CONVERSION = YES;
				GCC_WARN_ABOUT_RETURN_TYPE = YES_ERROR;
				GCC_WARN_UNDECLARED_SELECTOR = YES;
				GCC_WARN_UNINITIALIZED_AUTOS = YES_AGGRESSIVE;
				GCC_WARN_UNUSED_FUNCTION = YES;
				GCC_WARN_UNUSED_VARIABLE = YES;
				MACOSX_DEPLOYMENT_TARGET = 10.12;
				MTL_ENABLE_DEBUG_INFO = NO;
				SDKROOT = macosx;
			};
			name = Release;
		};
		74C21F281F497F3600AC8195 /* Debug */ = {
			isa = XCBuildConfiguration;
			buildSettings = {
				PRODUCT_NAME = "$(TARGET_NAME)";
				SWIFT_VERSION = 3.0;
			};
			name = Debug;
		};
		74C21F291F497F3600AC8195 /* Release */ = {
			isa = XCBuildConfiguration;
			buildSettings = {
				PRODUCT_NAME = "$(TARGET_NAME)";
				SWIFT_VERSION = 3.0;
			};
			name = Release;
		};
/* End XCBuildConfiguration section */

/* Begin XCConfigurationList section */
		74C21F1B1F497F3600AC8195 /* Build configuration list for PBXProject "ArraysExercises" */ = {
			isa = XCConfigurationList;
			buildConfigurations = (
				74C21F251F497F3600AC8195 /* Debug */,
				74C21F261F497F3600AC8195 /* Release */,
			);
			defaultConfigurationIsVisible = 0;
			defaultConfigurationName = Release;
		};
		74C21F271F497F3600AC8195 /* Build configuration list for PBXNativeTarget "ArraysExercises" */ = {
			isa = XCConfigurationList;
			buildConfigurations = (
				74C21F281F497F3600AC8195 /* Debug */,
				74C21F291F497F3600AC8195 /* Release */,
			);
			defaultConfigurationIsVisible = 0;
		};
/* End XCConfigurationList section */
	};
	rootObject = 74C21F181F497F3600AC8195 /* Project object */;
}
